
Microsoft Visual Studio Solution File, Format Version 12.00
# Visual Studio 2013
VisualStudioVersion = 12.0.40629.0
MinimumVisualStudioVersion = 10.0.40219.1
Project("{FAE04EC0-301F-11D3-BF4B-00C04F79EFBC}") = "IdentityOwinStuff", "IdentityOwinStuff\IdentityOwinStuff.csproj", "{BA8CF866-72D6-4E4F-BFF5-FCAC51CF4D76}"
EndProject
Global
	GlobalSection(SolutionConfigurationPlatforms) = preSolution
		Debug|Any CPU = Debug|Any CPU
		Release|Any CPU = Release|Any CPU
	EndGlobalSection
	GlobalSection(ProjectConfigurationPlatforms) = postSolution
		{BA8CF866-72D6-4E4F-BFF5-FCAC51CF4D76}.Debug|Any CPU.ActiveCfg = Debug|Any CPU
		{BA8CF866-72D6-4E4F-BFF5-FCAC51CF4D76}.Debug|Any CPU.Build.0 = Debug|Any CPU
		{BA8CF866-72D6-4E4F-BFF5-FCAC51CF4D76}.Release|Any CPU.ActiveCfg = Release|Any CPU
		{BA8CF866-72D6-4E4F-BFF5-FCAC51CF4D76}.Release|Any CPU.Build.0 = Release|Any CPU
	EndGlobalSection
	GlobalSection(SolutionProperties) = preSolution
		HideSolutionNode = FALSE
	EndGlobalSection
EndGlobal
